{
  "name": "yet-another-migemo-dict",
  "lockfileVersion": 3,
  "requires": true,
  "packages": {
    "": {
      "name": "yet-another-migemo-dict",
      "license": "BSD",
      "devDependencies": {
        "jsmigemo": "^0.4.8"
      }
    },
    "node_modules/jsmigemo": {
      "version": "0.4.8",
      "resolved": "https://registry.npmjs.org/jsmigemo/-/jsmigemo-0.4.8.tgz",
      "integrity": "sha512-t9XdYQ9hZgFqChzp17XQHk0u1Vry5g7JFh3pTeG/8BmZG9tQ8SdwxOu/W6w5z9qqwBztbGsH903QbiJ/gRSWlQ==",
      "dev": true,
      "bin": {
        "jsmigemo": "bin/jsmigemo-cli.mjs"
      }
    }
  }
}
